
Microsoft Visual Studio Solution File, Format Version 12.00
# Visual Studio Version 17
VisualStudioVersion = 17.3.32804.467
MinimumVisualStudioVersion = 10.0.40219.1
Project("{FAE04EC0-301F-11D3-BF4B-00C04F79EFBC}") = "AspNetIdentity", "AspNetIdentity.csproj", "{36AF231A-06D0-421E-9BC8-C9D333A22596}"
EndProject
Global
	GlobalSection(SolutionConfigurationPlatforms) = preSolution
		Debug|Any CPU = Debug|Any CPU
		Release|Any CPU = Release|Any CPU
	EndGlobalSection
	GlobalSection(ProjectConfigurationPlatforms) = postSolution
		{36AF231A-06D0-421E-9BC8-C9D333A22596}.Debug|Any CPU.ActiveCfg = Debug|Any CPU
		{36AF231A-06D0-421E-9BC8-C9D333A22596}.Debug|Any CPU.Build.0 = Debug|Any CPU
		{36AF231A-06D0-421E-9BC8-C9D333A22596}.Release|Any CPU.ActiveCfg = Release|Any CPU
		{36AF231A-06D0-421E-9BC8-C9D333A22596}.Release|Any CPU.Build.0 = Release|Any CPU
	EndGlobalSection
	GlobalSection(SolutionProperties) = preSolution
		HideSolutionNode = FALSE
	EndGlobalSection
	GlobalSection(ExtensibilityGlobals) = postSolution
		SolutionGuid = {A49AB1F3-3B51-40BC-8C30-A36B4194A996}
	EndGlobalSection
EndGlobal
