
Microsoft Visual Studio Solution File, Format Version 12.00
# Visual Studio Version 17
VisualStudioVersion = 17.3.32804.467
MinimumVisualStudioVersion = 10.0.40219.1
Project("{9A19103F-16F7-4668-BE54-9A1E7A4F7556}") = "AspNetIdentity", "webapp\AspNetIdentity.csproj", "{10AFFEE0-63A9-45B0-ABB3-ED0CA3F97715}"
EndProject
Project("{9A19103F-16F7-4668-BE54-9A1E7A4F7556}") = "Web Api", "webapi\Web Api.csproj", "{BF835269-4883-4199-BF10-745D36787917}"
EndProject
Global
	GlobalSection(SolutionConfigurationPlatforms) = preSolution
		Debug|Any CPU = Debug|Any CPU
		Release|Any CPU = Release|Any CPU
	EndGlobalSection
	GlobalSection(ProjectConfigurationPlatforms) = postSolution
		{10AFFEE0-63A9-45B0-ABB3-ED0CA3F97715}.Debug|Any CPU.ActiveCfg = Debug|Any CPU
		{10AFFEE0-63A9-45B0-ABB3-ED0CA3F97715}.Debug|Any CPU.Build.0 = Debug|Any CPU
		{10AFFEE0-63A9-45B0-ABB3-ED0CA3F97715}.Release|Any CPU.ActiveCfg = Release|Any CPU
		{10AFFEE0-63A9-45B0-ABB3-ED0CA3F97715}.Release|Any CPU.Build.0 = Release|Any CPU
		{BF835269-4883-4199-BF10-745D36787917}.Debug|Any CPU.ActiveCfg = Debug|Any CPU
		{BF835269-4883-4199-BF10-745D36787917}.Debug|Any CPU.Build.0 = Debug|Any CPU
		{BF835269-4883-4199-BF10-745D36787917}.Release|Any CPU.ActiveCfg = Release|Any CPU
		{BF835269-4883-4199-BF10-745D36787917}.Release|Any CPU.Build.0 = Release|Any CPU
	EndGlobalSection
	GlobalSection(SolutionProperties) = preSolution
		HideSolutionNode = FALSE
	EndGlobalSection
	GlobalSection(ExtensibilityGlobals) = postSolution
		SolutionGuid = {193285DC-9A54-4E27-B731-34A26AB0E6B4}
	EndGlobalSection
EndGlobal
